
Microsoft Visual Studio Solution File, Format Version 12.00
# Visual Studio Version 16
VisualStudioVersion = 16.0.30804.86
MinimumVisualStudioVersion = 10.0.40219.1
Project("{9A19103F-16F7-4668-BE54-9A1E7A4F7556}") = "Odata.V3.Cli.Abstractions", "src\Odata.V3.Client.Cli.Abstractions\Odata.V3.Cli.Abstractions.csproj", "{7B02982A-BA25-44BD-8D96-C54E7CB3991F}"
EndProject
Project("{9A19103F-16F7-4668-BE54-9A1E7A4F7556}") = "Odata.V3.Cli", "src\Odata.V3.Client.Cli\Odata.V3.Cli.csproj", "{18F38BB2-0341-4F1F-9857-F306624D97A5}"
EndProject
Project("{2150E333-8FDC-42A3-9474-1A3956D46DE8}") = "Solution Items", "Solution Items", "{0630749E-2970-40E3-A314-9DFCEEDEAD16}"
	ProjectSection(SolutionItems) = preProject
		Odata.V3.Client.Cli.targets = Odata.V3.Client.Cli.targets
	EndProjectSection
EndProject
Project("{FAE04EC0-301F-11D3-BF4B-00C04F79EFBC}") = "Odata.V3.Cli.Tests", "tests\Odata.V3.Cli.Tests\Odata.V3.Cli.Tests.csproj", "{255F940B-441B-459C-846A-6DE5B45CBEAF}"
EndProject
Global
	GlobalSection(SolutionConfigurationPlatforms) = preSolution
		Debug|Any CPU = Debug|Any CPU
		Release|Any CPU = Release|Any CPU
	EndGlobalSection
	GlobalSection(ProjectConfigurationPlatforms) = postSolution
		{7B02982A-BA25-44BD-8D96-C54E7CB3991F}.Debug|Any CPU.ActiveCfg = Debug|Any CPU
		{7B02982A-BA25-44BD-8D96-C54E7CB3991F}.Debug|Any CPU.Build.0 = Debug|Any CPU
		{7B02982A-BA25-44BD-8D96-C54E7CB3991F}.Release|Any CPU.ActiveCfg = Release|Any CPU
		{7B02982A-BA25-44BD-8D96-C54E7CB3991F}.Release|Any CPU.Build.0 = Release|Any CPU
		{18F38BB2-0341-4F1F-9857-F306624D97A5}.Debug|Any CPU.ActiveCfg = Debug|Any CPU
		{18F38BB2-0341-4F1F-9857-F306624D97A5}.Debug|Any CPU.Build.0 = Debug|Any CPU
		{18F38BB2-0341-4F1F-9857-F306624D97A5}.Release|Any CPU.ActiveCfg = Release|Any CPU
		{18F38BB2-0341-4F1F-9857-F306624D97A5}.Release|Any CPU.Build.0 = Release|Any CPU
		{255F940B-441B-459C-846A-6DE5B45CBEAF}.Debug|Any CPU.ActiveCfg = Debug|Any CPU
		{255F940B-441B-459C-846A-6DE5B45CBEAF}.Debug|Any CPU.Build.0 = Debug|Any CPU
		{255F940B-441B-459C-846A-6DE5B45CBEAF}.Release|Any CPU.ActiveCfg = Release|Any CPU
		{255F940B-441B-459C-846A-6DE5B45CBEAF}.Release|Any CPU.Build.0 = Release|Any CPU
	EndGlobalSection
	GlobalSection(SolutionProperties) = preSolution
		HideSolutionNode = FALSE
	EndGlobalSection
	GlobalSection(ExtensibilityGlobals) = postSolution
		SolutionGuid = {9A8DAC5D-E1AF-4F87-BC9D-CD63E5A4788C}
	EndGlobalSection
EndGlobal
